
Microsoft Visual Studio Solution File, Format Version 12.00
# Visual Studio 15
VisualStudioVersion = 15.0.27703.2042
MinimumVisualStudioVersion = 10.0.40219.1
Project("{FAE04EC0-301F-11D3-BF4B-00C04F79EFBC}") = "EK2020 Poule", "EK2020 Poule\EK2020 Poule.csproj", "{925ADB39-4E1A-4795-8C3D-6CE9B4D8903E}"
EndProject
Global
	GlobalSection(SolutionConfigurationPlatforms) = preSolution
		Debug|Any CPU = Debug|Any CPU
		Release|Any CPU = Release|Any CPU
	EndGlobalSection
	GlobalSection(ProjectConfigurationPlatforms) = postSolution
		{925ADB39-4E1A-4795-8C3D-6CE9B4D8903E}.Debug|Any CPU.ActiveCfg = Debug|Any CPU
		{925ADB39-4E1A-4795-8C3D-6CE9B4D8903E}.Debug|Any CPU.Build.0 = Debug|Any CPU
		{925ADB39-4E1A-4795-8C3D-6CE9B4D8903E}.Release|Any CPU.ActiveCfg = Release|Any CPU
		{925ADB39-4E1A-4795-8C3D-6CE9B4D8903E}.Release|Any CPU.Build.0 = Release|Any CPU
	EndGlobalSection
	GlobalSection(SolutionProperties) = preSolution
		HideSolutionNode = FALSE
	EndGlobalSection
	GlobalSection(ExtensibilityGlobals) = postSolution
		SolutionGuid = {57B5D0C6-A6E0-4CBD-9BD4-8E2CF2359152}
	EndGlobalSection
EndGlobal
